
Microsoft Visual Studio Solution File, Format Version 12.00
# Visual Studio Version 17
VisualStudioVersion = 17.1.32228.430
MinimumVisualStudioVersion = 10.0.40219.1
Project("{9A19103F-16F7-4668-BE54-9A1E7A4F7556}") = "MiCalculadora", "MiCalculadora\MiCalculadora.csproj", "{68DDBA1D-388D-4256-A642-25BBD1F583FE}"
EndProject
Project("{9A19103F-16F7-4668-BE54-9A1E7A4F7556}") = "Entidades", "Entidades\Entidades.csproj", "{C949426D-96FF-4AF9-9149-B7547A50031D}"
EndProject
Global
	GlobalSection(SolutionConfigurationPlatforms) = preSolution
		Debug|Any CPU = Debug|Any CPU
		Release|Any CPU = Release|Any CPU
	EndGlobalSection
	GlobalSection(ProjectConfigurationPlatforms) = postSolution
		{68DDBA1D-388D-4256-A642-25BBD1F583FE}.Debug|Any CPU.ActiveCfg = Debug|Any CPU
		{68DDBA1D-388D-4256-A642-25BBD1F583FE}.Debug|Any CPU.Build.0 = Debug|Any CPU
		{68DDBA1D-388D-4256-A642-25BBD1F583FE}.Release|Any CPU.ActiveCfg = Release|Any CPU
		{68DDBA1D-388D-4256-A642-25BBD1F583FE}.Release|Any CPU.Build.0 = Release|Any CPU
		{C949426D-96FF-4AF9-9149-B7547A50031D}.Debug|Any CPU.ActiveCfg = Debug|Any CPU
		{C949426D-96FF-4AF9-9149-B7547A50031D}.Debug|Any CPU.Build.0 = Debug|Any CPU
		{C949426D-96FF-4AF9-9149-B7547A50031D}.Release|Any CPU.ActiveCfg = Release|Any CPU
		{C949426D-96FF-4AF9-9149-B7547A50031D}.Release|Any CPU.Build.0 = Release|Any CPU
	EndGlobalSection
	GlobalSection(SolutionProperties) = preSolution
		HideSolutionNode = FALSE
	EndGlobalSection
	GlobalSection(ExtensibilityGlobals) = postSolution
		SolutionGuid = {6E887F33-EAA3-4FE0-9829-05246BE12762}
	EndGlobalSection
EndGlobal
